// !$*UTF8*$!
{
	archiveVersion = 1;
	classes = {
	};
	objectVersion = 55;
	objects = {

/* Begin PBXBuildFile section */
		295D21C727715BE2003D9C1A /* AppDelegate.swift in Sources */ = {isa = PBXBuildFile; fileRef = 295D21C627715BE2003D9C1A /* AppDelegate.swift */; };
		295D21C927715BE2003D9C1A /* SceneDelegate.swift in Sources */ = {isa = PBXBuildFile; fileRef = 295D21C827715BE2003D9C1A /* SceneDelegate.swift */; };
		295D21CB27715BE2003D9C1A /* PeopleViewController.swift in Sources */ = {isa = PBXBuildFile; fileRef = 295D21CA27715BE2003D9C1A /* PeopleViewController.swift */; };
		295D21CE27715BE2003D9C1A /* Main.storyboard in Resources */ = {isa = PBXBuildFile; fileRef = 295D21CC27715BE2003D9C1A /* Main.storyboard */; };
		295D21D127715BE2003D9C1A /* getPeople.xcdatamodeld in Sources */ = {isa = PBXBuildFile; fileRef = 295D21CF27715BE2003D9C1A /* getPeople.xcdatamodeld */; };
		295D21D327715BE4003D9C1A /* Assets.xcassets in Resources */ = {isa = PBXBuildFile; fileRef = 295D21D227715BE4003D9C1A /* Assets.xcassets */; };
		295D21D627715BE4003D9C1A /* LaunchScreen.storyboard in Resources */ = {isa = PBXBuildFile; fileRef = 295D21D427715BE4003D9C1A /* LaunchScreen.storyboard */; };
		295D21DE27715E4B003D9C1A /* FilmsViewController.swift in Sources */ = {isa = PBXBuildFile; fileRef = 295D21DD27715E4B003D9C1A /* FilmsViewController.swift */; };
		295D21E027715EA0003D9C1A /* SWAPIPeopleResponse.swift in Sources */ = {isa = PBXBuildFile; fileRef = 295D21DF27715EA0003D9C1A /* SWAPIPeopleResponse.swift */; };
		295D21E227715EC2003D9C1A /* SWAPIFilmsResponse.swift in Sources */ = {isa = PBXBuildFile; fileRef = 295D21E127715EC2003D9C1A /* SWAPIFilmsResponse.swift */; };
		29FE63522773835300093299 /* StarWarsModel.swift in Sources */ = {isa = PBXBuildFile; fileRef = 29FE63512773835300093299 /* StarWarsModel.swift */; };
		29FE63542773A1A600093299 /* PeopleDetailsViewController.swift in Sources */ = {isa = PBXBuildFile; fileRef = 29FE63532773A1A600093299 /* PeopleDetailsViewController.swift */; };
		29FE63562773A1C300093299 /* FilmDetailsViewController.swift in Sources */ = {isa = PBXBuildFile; fileRef = 29FE63552773A1C300093299 /* FilmDetailsViewController.swift */; };
/* End PBXBuildFile section */

/* Begin PBXFileReference section */
		295D21C327715BE2003D9C1A /* getPeople.app */ = {isa = PBXFileReference; explicitFileType = wrapper.application; includeInIndex = 0; path = getPeople.app; sourceTree = BUILT_PRODUCTS_DIR; };
		295D21C627715BE2003D9C1A /* AppDelegate.swift */ = {isa = PBXFileReference; lastKnownFileType = sourcecode.swift; path = AppDelegate.swift; sourceTree = "<group>"; };
		295D21C827715BE2003D9C1A /* SceneDelegate.swift */ = {isa = PBXFileReference; lastKnownFileType = sourcecode.swift; path = SceneDelegate.swift; sourceTree = "<group>"; };
		295D21CA27715BE2003D9C1A /* PeopleViewController.swift */ = {isa = PBXFileReference; lastKnownFileType = sourcecode.swift; path = PeopleViewController.swift; sourceTree = "<group>"; };
		295D21CD27715BE2003D9C1A /* Base */ = {isa = PBXFileReference; lastKnownFileType = file.storyboard; name = Base; path = Base.lproj/Main.storyboard; sourceTree = "<group>"; };
		295D21D027715BE2003D9C1A /* getPeople.xcdatamodel */ = {isa = PBXFileReference; lastKnownFileType = wrapper.xcdatamodel; path = getPeople.xcdatamodel; sourceTree = "<group>"; };
		295D21D227715BE4003D9C1A /* Assets.xcassets */ = {isa = PBXFileReference; lastKnownFileType = folder.assetcatalog; path = Assets.xcassets; sourceTree = "<group>"; };
		295D21D527715BE4003D9C1A /* Base */ = {isa = PBXFileReference; lastKnownFileType = file.storyboard; name = Base; path = Base.lproj/LaunchScreen.storyboard; sourceTree = "<group>"; };
		295D21D727715BE4003D9C1A /* Info.plist */ = {isa = PBXFileReference; lastKnownFileType = text.plist.xml; path = Info.plist; sourceTree = "<group>"; };
		295D21DD27715E4B003D9C1A /* FilmsViewController.swift */ = {isa = PBXFileReference; lastKnownFileType = sourcecode.swift; path = FilmsViewController.swift; sourceTree = "<group>"; };
		295D21DF27715EA0003D9C1A /* SWAPIPeopleResponse.swift */ = {isa = PBXFileReference; lastKnownFileType = sourcecode.swift; path = SWAPIPeopleResponse.swift; sourceTree = "<group>"; };
		295D21E127715EC2003D9C1A /* SWAPIFilmsResponse.swift */ = {isa = PBXFileReference; lastKnownFileType = sourcecode.swift; path = SWAPIFilmsResponse.swift; sourceTree = "<group>"; };
		29FE63512773835300093299 /* StarWarsModel.swift */ = {isa = PBXFileReference; lastKnownFileType = sourcecode.swift; path = StarWarsModel.swift; sourceTree = "<group>"; };
		29FE63532773A1A600093299 /* PeopleDetailsViewController.swift */ = {isa = PBXFileReference; lastKnownFileType = sourcecode.swift; path = PeopleDetailsViewController.swift; sourceTree = "<group>"; };
		29FE63552773A1C300093299 /* FilmDetailsViewController.swift */ = {isa = PBXFileReference; lastKnownFileType = sourcecode.swift; path = FilmDetailsViewController.swift; sourceTree = "<group>"; };
/* End PBXFileReference section */

/* Begin PBXFrameworksBuildPhase section */
		295D21C027715BE2003D9C1A /* Frameworks */ = {
			isa = PBXFrameworksBuildPhase;
			buildActionMask = 2147483647;
			files = (
			);
			runOnlyForDeploymentPostprocessing = 0;
		};
/* End PBXFrameworksBuildPhase section */

/* Begin PBXGroup section */
		295D21BA27715BE2003D9C1A = {
			isa = PBXGroup;
			children = (
				295D21C527715BE2003D9C1A /* getPeople */,
				295D21C427715BE2003D9C1A /* Products */,
			);
			sourceTree = "<group>";
		};
		295D21C427715BE2003D9C1A /* Products */ = {
			isa = PBXGroup;
			children = (
				295D21C327715BE2003D9C1A /* getPeople.app */,
			);
			name = Products;
			sourceTree = "<group>";
		};
		295D21C527715BE2003D9C1A /* getPeople */ = {
			isa = PBXGroup;
			children = (
				295D21C627715BE2003D9C1A /* AppDelegate.swift */,
				295D21C827715BE2003D9C1A /* SceneDelegate.swift */,
				295D21CA27715BE2003D9C1A /* PeopleViewController.swift */,
				295D21DD27715E4B003D9C1A /* FilmsViewController.swift */,
				295D21DF27715EA0003D9C1A /* SWAPIPeopleResponse.swift */,
				295D21E127715EC2003D9C1A /* SWAPIFilmsResponse.swift */,
				295D21CC27715BE2003D9C1A /* Main.storyboard */,
				29FE63532773A1A600093299 /* PeopleDetailsViewController.swift */,
				29FE63552773A1C300093299 /* FilmDetailsViewController.swift */,
				295D21D227715BE4003D9C1A /* Assets.xcassets */,
				295D21D427715BE4003D9C1A /* LaunchScreen.storyboard */,
				295D21D727715BE4003D9C1A /* Info.plist */,
				295D21CF27715BE2003D9C1A /* getPeople.xcdatamodeld */,
				29FE63512773835300093299 /* StarWarsModel.swift */,
			);
			path = getPeople;
			sourceTree = "<group>";
		};
/* End PBXGroup section */

/* Begin PBXNativeTarget section */
		295D21C227715BE2003D9C1A /* getPeople */ = {
			isa = PBXNativeTarget;
			buildConfigurationList = 295D21DA27715BE4003D9C1A /* Build configuration list for PBXNativeTarget "getPeople" */;
			buildPhases = (
				295D21BF27715BE2003D9C1A /* Sources */,
				295D21C027715BE2003D9C1A /* Frameworks */,
				295D21C127715BE2003D9C1A /* Resources */,
			);
			buildRules = (
			);
			dependencies = (
			);
			name = getPeople;
			productName = getPeople;
			productReference = 295D21C327715BE2003D9C1A /* getPeople.app */;
			productType = "com.apple.product-type.application";
		};
/* End PBXNativeTarget section */

/* Begin PBXProject section */
		295D21BB27715BE2003D9C1A /* Project object */ = {
			isa = PBXProject;
			attributes = {
				BuildIndependentTargetsInParallel = 1;
				LastSwiftUpdateCheck = 1310;
				LastUpgradeCheck = 1310;
				TargetAttributes = {
					295D21C227715BE2003D9C1A = {
						CreatedOnToolsVersion = 13.1;
					};
				};
			};
			buildConfigurationList = 295D21BE27715BE2003D9C1A /* Build configuration list for PBXProject "getPeople" */;
			compatibilityVersion = "Xcode 13.0";
			developmentRegion = en;
			hasScannedForEncodings = 0;
			knownRegions = (
				en,
				Base,
			);
			mainGroup = 295D21BA27715BE2003D9C1A;
			productRefGroup = 295D21C427715BE2003D9C1A /* Products */;
			projectDirPath = "";
			projectRoot = "";
			targets = (
				295D21C227715BE2003D9C1A /* getPeople */,
			);
		};
/* End PBXProject section */

/* Begin PBXResourcesBuildPhase section */
		295D21C127715BE2003D9C1A /* Resources */ = {
			isa = PBXResourcesBuildPhase;
			buildActionMask = 2147483647;
			files = (
				295D21D627715BE4003D9C1A /* LaunchScreen.storyboard in Resources */,
				295D21D327715BE4003D9C1A /* Assets.xcassets in Resources */,
				295D21CE27715BE2003D9C1A /* Main.storyboard in Resources */,
			);
			runOnlyForDeploymentPostprocessing = 0;
		};
/* End PBXResourcesBuildPhase section */

/* Begin PBXSourcesBuildPhase section */
		295D21BF27715BE2003D9C1A /* Sources */ = {
			isa = PBXSourcesBuildPhase;
			buildActionMask = 2147483647;
			files = (
				295D21CB27715BE2003D9C1A /* PeopleViewController.swift in Sources */,
				29FE63562773A1C300093299 /* FilmDetailsViewController.swift in Sources */,
				295D21C727715BE2003D9C1A /* AppDelegate.swift in Sources */,
				295D21DE27715E4B003D9C1A /* FilmsViewController.swift in Sources */,
				295D21E227715EC2003D9C1A /* SWAPIFilmsResponse.swift in Sources */,
				295D21C927715BE2003D9C1A /* SceneDelegate.swift in Sources */,
				295D21E027715EA0003D9C1A /* SWAPIPeopleResponse.swift in Sources */,
				29FE63542773A1A600093299 /* PeopleDetailsViewController.swift in Sources */,
				29FE63522773835300093299 /* StarWarsModel.swift in Sources */,
				295D21D127715BE2003D9C1A /* getPeople.xcdatamodeld in Sources */,
			);
			runOnlyForDeploymentPostprocessing = 0;
		};
/* End PBXSourcesBuildPhase section */

/* Begin PBXVariantGroup section */
		295D21CC27715BE2003D9C1A /* Main.storyboard */ = {
			isa = PBXVariantGroup;
			children = (
				295D21CD27715BE2003D9C1A /* Base */,
			);
			name = Main.storyboard;
			sourceTree = "<group>";
		};
		295D21D427715BE4003D9C1A /* LaunchScreen.storyboard */ = {
			isa = PBXVariantGroup;
			children = (
				295D21D527715BE4003D9C1A /* Base */,
			);
			name = LaunchScreen.storyboard;
			sourceTree = "<group>";
		};
/* End PBXVariantGroup section */

/* Begin XCBuildConfiguration section */
		295D21D827715BE4003D9C1A /* Debug */ = {
			isa = XCBuildConfiguration;
			buildSettings = {
				ALWAYS_SEARCH_USER_PATHS = NO;
				CLANG_ANALYZER_NONNULL = YES;
				CLANG_ANALYZER_NUMBER_OBJECT_CONVERSION = YES_AGGRESSIVE;
				CLANG_CXX_LANGUAGE_STANDARD = "gnu++17";
				CLANG_CXX_LIBRARY = "libc++";
				CLANG_ENABLE_MODULES = YES;
				CLANG_ENABLE_OBJC_ARC = YES;
				CLANG_ENABLE_OBJC_WEAK = YES;
				CLANG_WARN_BLOCK_CAPTURE_AUTORELEASING = YES;
				CLANG_WARN_BOOL_CONVERSION = YES;
				CLANG_WARN_COMMA = YES;
				CLANG_WARN_CONSTANT_CONVERSION = YES;
				CLANG_WARN_DEPRECATED_OBJC_IMPLEMENTATIONS = YES;
				CLANG_WARN_DIRECT_OBJC_ISA_USAGE = YES_ERROR;
				CLANG_WARN_DOCUMENTATION_COMMENTS = YES;
				CLANG_WARN_EMPTY_BODY = YES;
				CLANG_WARN_ENUM_CONVERSION = YES;
				CLANG_WARN_INFINITE_RECURSION = YES;
				CLANG_WARN_INT_CONVERSION = YES;
				CLANG_WARN_NON_LITERAL_NULL_CONVERSION = YES;
				CLANG_WARN_OBJC_IMPLICIT_RETAIN_SELF = YES;
				CLANG_WARN_OBJC_LITERAL_CONVERSION = YES;
				CLANG_WARN_OBJC_ROOT_CLASS = YES_ERROR;
				CLANG_WARN_QUOTED_INCLUDE_IN_FRAMEWORK_HEADER = YES;
				CLANG_WARN_RANGE_LOOP_ANALYSIS = YES;
				CLANG_WARN_STRICT_PROTOTYPES = YES;
				CLANG_WARN_SUSPICIOUS_MOVE = YES;
				CLANG_WARN_UNGUARDED_AVAILABILITY = YES_AGGRESSIVE;
				CLANG_WARN_UNREACHABLE_CODE = YES;
				CLANG_WARN__DUPLICATE_METHOD_MATCH = YES;
				COPY_PHASE_STRIP = NO;
				DEBUG_INFORMATION_FORMAT = dwarf;
				ENABLE_STRICT_OBJC_MSGSEND = YES;
				ENABLE_TESTABILITY = YES;
				GCC_C_LANGUAGE_STANDARD = gnu11;
				GCC_DYNAMIC_NO_PIC = NO;
				GCC_NO_COMMON_BLOCKS = YES;
				GCC_OPTIMIZATION_LEVEL = 0;
				GCC_PREPROCESSOR_DEFINITIONS = (
					"DEBUG=1",
					"$(inherited)",
				);
				GCC_WARN_64_TO_32_BIT_CONVERSION = YES;
				GCC_WARN_ABOUT_RETURN_TYPE = YES_ERROR;
				GCC_WARN_UNDECLARED_SELECTOR = YES;
				GCC_WARN_UNINITIALIZED_AUTOS = YES_AGGRESSIVE;
				GCC_WARN_UNUSED_FUNCTION = YES;
				GCC_WARN_UNUSED_VARIABLE = YES;
				IPHONEOS_DEPLOYMENT_TARGET = 15.0;
				MTL_ENABLE_DEBUG_INFO = INCLUDE_SOURCE;
				MTL_FAST_MATH = YES;
				ONLY_ACTIVE_ARCH = YES;
				SDKROOT = iphoneos;
				SWIFT_ACTIVE_COMPILATION_CONDITIONS = DEBUG;
				SWIFT_OPTIMIZATION_LEVEL = "-Onone";
			};
			name = Debug;
		};
		295D21D927715BE4003D9C1A /* Release */ = {
			isa = XCBuildConfiguration;
			buildSettings = {
				ALWAYS_SEARCH_USER_PATHS = NO;
				CLANG_ANALYZER_NONNULL = YES;
				CLANG_ANALYZER_NUMBER_OBJECT_CONVERSION = YES_AGGRESSIVE;
				CLANG_CXX_LANGUAGE_STANDARD = "gnu++17";
				CLANG_CXX_LIBRARY = "libc++";
				CLANG_ENABLE_MODULES = YES;
				CLANG_ENABLE_OBJC_ARC = YES;
				CLANG_ENABLE_OBJC_WEAK = YES;
				CLANG_WARN_BLOCK_CAPTURE_AUTORELEASING = YES;
				CLANG_WARN_BOOL_CONVERSION = YES;
				CLANG_WARN_COMMA = YES;
				CLANG_WARN_CONSTANT_CONVERSION = YES;
				CLANG_WARN_DEPRECATED_OBJC_IMPLEMENTATIONS = YES;
				CLANG_WARN_DIRECT_OBJC_ISA_USAGE = YES_ERROR;
				CLANG_WARN_DOCUMENTATION_COMMENTS = YES;
				CLANG_WARN_EMPTY_BODY = YES;
				CLANG_WARN_ENUM_CONVERSION = YES;
				CLANG_WARN_INFINITE_RECURSION = YES;
				CLANG_WARN_INT_CONVERSION = YES;
				CLANG_WARN_NON_LITERAL_NULL_CONVERSION = YES;
				CLANG_WARN_OBJC_IMPLICIT_RETAIN_SELF = YES;
				CLANG_WARN_OBJC_LITERAL_CONVERSION = YES;
				CLANG_WARN_OBJC_ROOT_CLASS = YES_ERROR;
				CLANG_WARN_QUOTED_INCLUDE_IN_FRAMEWORK_HEADER = YES;
				CLANG_WARN_RANGE_LOOP_ANALYSIS = YES;
				CLANG_WARN_STRICT_PROTOTYPES = YES;
				CLANG_WARN_SUSPICIOUS_MOVE = YES;
				CLANG_WARN_UNGUARDED_AVAILABILITY = YES_AGGRESSIVE;
				CLANG_WARN_UNREACHABLE_CODE = YES;
				CLANG_WARN__DUPLICATE_METHOD_MATCH = YES;
				COPY_PHASE_STRIP = NO;
				DEBUG_INFORMATION_FORMAT = "dwarf-with-dsym";
				ENABLE_NS_ASSERTIONS = NO;
				ENABLE_STRICT_OBJC_MSGSEND = YES;
				GCC_C_LANGUAGE_STANDARD = gnu11;
				GCC_NO_COMMON_BLOCKS = YES;
				GCC_WARN_64_TO_32_BIT_CONVERSION = YES;
				GCC_WARN_ABOUT_RETURN_TYPE = YES_ERROR;
				GCC_WARN_UNDECLARED_SELECTOR = YES;
				GCC_WARN_UNINITIALIZED_AUTOS = YES_AGGRESSIVE;
				GCC_WARN_UNUSED_FUNCTION = YES;
				GCC_WARN_UNUSED_VARIABLE = YES;
				IPHONEOS_DEPLOYMENT_TARGET = 15.0;
				MTL_ENABLE_DEBUG_INFO = NO;
				MTL_FAST_MATH = YES;
				SDKROOT = iphoneos;
				SWIFT_COMPILATION_MODE = wholemodule;
				SWIFT_OPTIMIZATION_LEVEL = "-O";
				VALIDATE_PRODUCT = YES;
			};
			name = Release;
		};
		295D21DB27715BE4003D9C1A /* Debug */ = {
			isa = XCBuildConfiguration;
			buildSettings = {
				ASSETCATALOG_COMPILER_APPICON_NAME = AppIcon;
				ASSETCATALOG_COMPILER_GLOBAL_ACCENT_COLOR_NAME = AccentColor;
				CODE_SIGN_STYLE = Automatic;
				CURRENT_PROJECT_VERSION = 1;
				GENERATE_INFOPLIST_FILE = YES;
				INFOPLIST_FILE = getPeople/Info.plist;
				INFOPLIST_KEY_UIApplicationSupportsIndirectInputEvents = YES;
				INFOPLIST_KEY_UILaunchStoryboardName = LaunchScreen;
				INFOPLIST_KEY_UIMainStoryboardFile = Main;
				INFOPLIST_KEY_UISupportedInterfaceOrientations_iPad = "UIInterfaceOrientationPortrait UIInterfaceOrientationPortraitUpsideDown UIInterfaceOrientationLandscapeLeft UIInterfaceOrientationLandscapeRight";
				INFOPLIST_KEY_UISupportedInterfaceOrientations_iPhone = "UIInterfaceOrientationPortrait UIInterfaceOrientationLandscapeLeft UIInterfaceOrientationLandscapeRight";
				LD_RUNPATH_SEARCH_PATHS = (
					"$(inherited)",
					"@executable_path/Frameworks",
				);
				MARKETING_VERSION = 1.0;
				PRODUCT_BUNDLE_IDENTIFIER = Maha.getPeople;
				PRODUCT_NAME = "$(TARGET_NAME)";
				SWIFT_EMIT_LOC_STRINGS = YES;
				SWIFT_VERSION = 5.0;
				TARGETED_DEVICE_FAMILY = "1,2";
			};
			name = Debug;
		};
		295D21DC27715BE4003D9C1A /* Release */ = {
			isa = XCBuildConfiguration;
			buildSettings = {
				ASSETCATALOG_COMPILER_APPICON_NAME = AppIcon;
				ASSETCATALOG_COMPILER_GLOBAL_ACCENT_COLOR_NAME = AccentColor;
				CODE_SIGN_STYLE = Automatic;
				CURRENT_PROJECT_VERSION = 1;
				GENERATE_INFOPLIST_FILE = YES;
				INFOPLIST_FILE = getPeople/Info.plist;
				INFOPLIST_KEY_UIApplicationSupportsIndirectInputEvents = YES;
				INFOPLIST_KEY_UILaunchStoryboardName = LaunchScreen;
				INFOPLIST_KEY_UIMainStoryboardFile = Main;
				INFOPLIST_KEY_UISupportedInterfaceOrientations_iPad = "UIInterfaceOrientationPortrait UIInterfaceOrientationPortraitUpsideDown UIInterfaceOrientationLandscapeLeft UIInterfaceOrientationLandscapeRight";
				INFOPLIST_KEY_UISupportedInterfaceOrientations_iPhone = "UIInterfaceOrientationPortrait UIInterfaceOrientationLandscapeLeft UIInterfaceOrientationLandscapeRight";
				LD_RUNPATH_SEARCH_PATHS = (
					"$(inherited)",
					"@executable_path/Frameworks",
				);
				MARKETING_VERSION = 1.0;
				PRODUCT_BUNDLE_IDENTIFIER = Maha.getPeople;
				PRODUCT_NAME = "$(TARGET_NAME)";
				SWIFT_EMIT_LOC_STRINGS = YES;
				SWIFT_VERSION = 5.0;
				TARGETED_DEVICE_FAMILY = "1,2";
			};
			name = Release;
		};
/* End XCBuildConfiguration section */

/* Begin XCConfigurationList section */
		295D21BE27715BE2003D9C1A /* Build configuration list for PBXProject "getPeople" */ = {
			isa = XCConfigurationList;
			buildConfigurations = (
				295D21D827715BE4003D9C1A /* Debug */,
				295D21D927715BE4003D9C1A /* Release */,
			);
			defaultConfigurationIsVisible = 0;
			defaultConfigurationName = Release;
		};
		295D21DA27715BE4003D9C1A /* Build configuration list for PBXNativeTarget "getPeople" */ = {
			isa = XCConfigurationList;
			buildConfigurations = (
				295D21DB27715BE4003D9C1A /* Debug */,
				295D21DC27715BE4003D9C1A /* Release */,
			);
			defaultConfigurationIsVisible = 0;
			defaultConfigurationName = Release;
		};
/* End XCConfigurationList section */

/* Begin XCVersionGroup section */
		295D21CF27715BE2003D9C1A /* getPeople.xcdatamodeld */ = {
			isa = XCVersionGroup;
			children = (
				295D21D027715BE2003D9C1A /* getPeople.xcdatamodel */,
			);
			currentVersion = 295D21D027715BE2003D9C1A /* getPeople.xcdatamodel */;
			path = getPeople.xcdatamodeld;
			sourceTree = "<group>";
			versionGroupType = wrapper.xcdatamodel;
		};
/* End XCVersionGroup section */
	};
	rootObject = 295D21BB27715BE2003D9C1A /* Project object */;
}
